
Microsoft Visual Studio Solution File, Format Version 12.00
# Visual Studio 14
VisualStudioVersion = 14.0.25420.1
MinimumVisualStudioVersion = 10.0.40219.1
Project("{FAE04EC0-301F-11D3-BF4B-00C04F79EFBC}") = "LibImageScraper", "LibImageScraper\LibImageScraper.csproj", "{9A3E1F01-E4B2-4578-9297-AFF520719D76}"
EndProject
Project("{FAE04EC0-301F-11D3-BF4B-00C04F79EFBC}") = "ImageScraperGUI", "ImageScraperGUI\ImageScraperGUI.csproj", "{18A3ECA2-5B0E-4C57-A9FF-ADAB62B01D54}"
EndProject
Global
	GlobalSection(SolutionConfigurationPlatforms) = preSolution
		Debug|Any CPU = Debug|Any CPU
		Release|Any CPU = Release|Any CPU
	EndGlobalSection
	GlobalSection(ProjectConfigurationPlatforms) = postSolution
		{9A3E1F01-E4B2-4578-9297-AFF520719D76}.Debug|Any CPU.ActiveCfg = Debug|Any CPU
		{9A3E1F01-E4B2-4578-9297-AFF520719D76}.Debug|Any CPU.Build.0 = Debug|Any CPU
		{9A3E1F01-E4B2-4578-9297-AFF520719D76}.Release|Any CPU.ActiveCfg = Release|Any CPU
		{9A3E1F01-E4B2-4578-9297-AFF520719D76}.Release|Any CPU.Build.0 = Release|Any CPU
		{18A3ECA2-5B0E-4C57-A9FF-ADAB62B01D54}.Debug|Any CPU.ActiveCfg = Debug|Any CPU
		{18A3ECA2-5B0E-4C57-A9FF-ADAB62B01D54}.Debug|Any CPU.Build.0 = Debug|Any CPU
		{18A3ECA2-5B0E-4C57-A9FF-ADAB62B01D54}.Release|Any CPU.ActiveCfg = Release|Any CPU
		{18A3ECA2-5B0E-4C57-A9FF-ADAB62B01D54}.Release|Any CPU.Build.0 = Release|Any CPU
	EndGlobalSection
	GlobalSection(SolutionProperties) = preSolution
		HideSolutionNode = FALSE
	EndGlobalSection
	GlobalSection(ExtensibilityGlobals) = postSolution
		SolutionGuid = {64CC3B32-02E8-4689-8A68-D4A8B9A43597}
	EndGlobalSection
EndGlobal
